// !$*UTF8*$!
{
	archiveVersion = 1;
	classes = {
	};
	objectVersion = 56;
	objects = {

/* Begin PBXBuildFile section */
		FD50E59529D8AD100043B9D8 /* AppDelegate.swift in Sources */ = {isa = PBXBuildFile; fileRef = FD50E59429D8AD100043B9D8 /* AppDelegate.swift */; };
		FD50E59729D8AD100043B9D8 /* SceneDelegate.swift in Sources */ = {isa = PBXBuildFile; fileRef = FD50E59629D8AD100043B9D8 /* SceneDelegate.swift */; };
		FD50E59C29D8AD100043B9D8 /* Main.storyboard in Resources */ = {isa = PBXBuildFile; fileRef = FD50E59A29D8AD100043B9D8 /* Main.storyboard */; };
		FD50E59E29D8AD120043B9D8 /* Assets.xcassets in Resources */ = {isa = PBXBuildFile; fileRef = FD50E59D29D8AD120043B9D8 /* Assets.xcassets */; };
		FD50E5A129D8AD120043B9D8 /* LaunchScreen.storyboard in Resources */ = {isa = PBXBuildFile; fileRef = FD50E59F29D8AD120043B9D8 /* LaunchScreen.storyboard */; };
		FD50E5A929D8B1270043B9D8 /* NasaNewsFeedViewController.swift in Sources */ = {isa = PBXBuildFile; fileRef = FD50E5A829D8B1270043B9D8 /* NasaNewsFeedViewController.swift */; };
		FD50E5AC29D8B3B50043B9D8 /* ArticleTableViewCell.swift in Sources */ = {isa = PBXBuildFile; fileRef = FD50E5AA29D8B3B50043B9D8 /* ArticleTableViewCell.swift */; };
		FD50E5AD29D8B3B50043B9D8 /* ArticleTableViewCell.xib in Resources */ = {isa = PBXBuildFile; fileRef = FD50E5AB29D8B3B50043B9D8 /* ArticleTableViewCell.xib */; };
		FD50E5B029D8B6610043B9D8 /* Kingfisher in Frameworks */ = {isa = PBXBuildFile; productRef = FD50E5AF29D8B6610043B9D8 /* Kingfisher */; };
		FD50E5B329D8B69A0043B9D8 /* XMLCoder in Frameworks */ = {isa = PBXBuildFile; productRef = FD50E5B229D8B69A0043B9D8 /* XMLCoder */; };
		FD50E5B529D8B7000043B9D8 /* Article.swift in Sources */ = {isa = PBXBuildFile; fileRef = FD50E5B429D8B7000043B9D8 /* Article.swift */; };
		FD50E5B729D8B71A0043B9D8 /* RSSFeed.swift in Sources */ = {isa = PBXBuildFile; fileRef = FD50E5B629D8B71A0043B9D8 /* RSSFeed.swift */; };
		FD50E5B929D8B7400043B9D8 /* ArticleViewModel.swift in Sources */ = {isa = PBXBuildFile; fileRef = FD50E5B829D8B7400043B9D8 /* ArticleViewModel.swift */; };
		FD50E5C029D964400043B9D8 /* ArticleDetailsViewController.swift in Sources */ = {isa = PBXBuildFile; fileRef = FD50E5BF29D964400043B9D8 /* ArticleDetailsViewController.swift */; };
		FD50E5C229D972350043B9D8 /* ArticleDetailsViewModel.swift in Sources */ = {isa = PBXBuildFile; fileRef = FD50E5C129D972350043B9D8 /* ArticleDetailsViewModel.swift */; };
		FD50E5C629D97AE00043B9D8 /* UIImage+Extension.swift in Sources */ = {isa = PBXBuildFile; fileRef = FD50E5C529D97AE00043B9D8 /* UIImage+Extension.swift */; };
/* End PBXBuildFile section */

/* Begin PBXFileReference section */
		FD50E59129D8AD100043B9D8 /* Driivz.app */ = {isa = PBXFileReference; explicitFileType = wrapper.application; includeInIndex = 0; path = Driivz.app; sourceTree = BUILT_PRODUCTS_DIR; };
		FD50E59429D8AD100043B9D8 /* AppDelegate.swift */ = {isa = PBXFileReference; lastKnownFileType = sourcecode.swift; path = AppDelegate.swift; sourceTree = "<group>"; };
		FD50E59629D8AD100043B9D8 /* SceneDelegate.swift */ = {isa = PBXFileReference; lastKnownFileType = sourcecode.swift; path = SceneDelegate.swift; sourceTree = "<group>"; };
		FD50E59B29D8AD100043B9D8 /* Base */ = {isa = PBXFileReference; lastKnownFileType = file.storyboard; name = Base; path = Base.lproj/Main.storyboard; sourceTree = "<group>"; };
		FD50E59D29D8AD120043B9D8 /* Assets.xcassets */ = {isa = PBXFileReference; lastKnownFileType = folder.assetcatalog; path = Assets.xcassets; sourceTree = "<group>"; };
		FD50E5A029D8AD120043B9D8 /* Base */ = {isa = PBXFileReference; lastKnownFileType = file.storyboard; name = Base; path = Base.lproj/LaunchScreen.storyboard; sourceTree = "<group>"; };
		FD50E5A229D8AD120043B9D8 /* Info.plist */ = {isa = PBXFileReference; lastKnownFileType = text.plist.xml; path = Info.plist; sourceTree = "<group>"; };
		FD50E5A829D8B1270043B9D8 /* NasaNewsFeedViewController.swift */ = {isa = PBXFileReference; lastKnownFileType = sourcecode.swift; path = NasaNewsFeedViewController.swift; sourceTree = "<group>"; };
		FD50E5AA29D8B3B50043B9D8 /* ArticleTableViewCell.swift */ = {isa = PBXFileReference; lastKnownFileType = sourcecode.swift; path = ArticleTableViewCell.swift; sourceTree = "<group>"; };
		FD50E5AB29D8B3B50043B9D8 /* ArticleTableViewCell.xib */ = {isa = PBXFileReference; lastKnownFileType = file.xib; path = ArticleTableViewCell.xib; sourceTree = "<group>"; };
		FD50E5B429D8B7000043B9D8 /* Article.swift */ = {isa = PBXFileReference; lastKnownFileType = sourcecode.swift; path = Article.swift; sourceTree = "<group>"; };
		FD50E5B629D8B71A0043B9D8 /* RSSFeed.swift */ = {isa = PBXFileReference; lastKnownFileType = sourcecode.swift; path = RSSFeed.swift; sourceTree = "<group>"; };
		FD50E5B829D8B7400043B9D8 /* ArticleViewModel.swift */ = {isa = PBXFileReference; lastKnownFileType = sourcecode.swift; path = ArticleViewModel.swift; sourceTree = "<group>"; };
		FD50E5BF29D964400043B9D8 /* ArticleDetailsViewController.swift */ = {isa = PBXFileReference; lastKnownFileType = sourcecode.swift; path = ArticleDetailsViewController.swift; sourceTree = "<group>"; };
		FD50E5C129D972350043B9D8 /* ArticleDetailsViewModel.swift */ = {isa = PBXFileReference; lastKnownFileType = sourcecode.swift; path = ArticleDetailsViewModel.swift; sourceTree = "<group>"; };
		FD50E5C529D97AE00043B9D8 /* UIImage+Extension.swift */ = {isa = PBXFileReference; lastKnownFileType = sourcecode.swift; path = "UIImage+Extension.swift"; sourceTree = "<group>"; };
/* End PBXFileReference section */

/* Begin PBXFrameworksBuildPhase section */
		FD50E58E29D8AD100043B9D8 /* Frameworks */ = {
			isa = PBXFrameworksBuildPhase;
			buildActionMask = 2147483647;
			files = (
				FD50E5B329D8B69A0043B9D8 /* XMLCoder in Frameworks */,
				FD50E5B029D8B6610043B9D8 /* Kingfisher in Frameworks */,
			);
			runOnlyForDeploymentPostprocessing = 0;
		};
/* End PBXFrameworksBuildPhase section */

/* Begin PBXGroup section */
		FD50E58829D8AD100043B9D8 = {
			isa = PBXGroup;
			children = (
				FD50E59329D8AD100043B9D8 /* Driivz */,
				FD50E59229D8AD100043B9D8 /* Products */,
			);
			sourceTree = "<group>";
		};
		FD50E59229D8AD100043B9D8 /* Products */ = {
			isa = PBXGroup;
			children = (
				FD50E59129D8AD100043B9D8 /* Driivz.app */,
			);
			name = Products;
			sourceTree = "<group>";
		};
		FD50E59329D8AD100043B9D8 /* Driivz */ = {
			isa = PBXGroup;
			children = (
				FD50E5BC29D959270043B9D8 /* Model */,
				FD50E5BB29D959100043B9D8 /* Controller */,
				FD50E5BA29D958EA0043B9D8 /* ViewModel */,
				FD50E5BD29D95B370043B9D8 /* View */,
				FD50E5C429D97AA30043B9D8 /* Extensions */,
				FD50E59429D8AD100043B9D8 /* AppDelegate.swift */,
				FD50E59629D8AD100043B9D8 /* SceneDelegate.swift */,
				FD50E59A29D8AD100043B9D8 /* Main.storyboard */,
				FD50E59D29D8AD120043B9D8 /* Assets.xcassets */,
				FD50E59F29D8AD120043B9D8 /* LaunchScreen.storyboard */,
				FD50E5A229D8AD120043B9D8 /* Info.plist */,
			);
			path = Driivz;
			sourceTree = "<group>";
		};
		FD50E5BA29D958EA0043B9D8 /* ViewModel */ = {
			isa = PBXGroup;
			children = (
				FD50E5B829D8B7400043B9D8 /* ArticleViewModel.swift */,
				FD50E5C129D972350043B9D8 /* ArticleDetailsViewModel.swift */,
			);
			path = ViewModel;
			sourceTree = "<group>";
		};
		FD50E5BB29D959100043B9D8 /* Controller */ = {
			isa = PBXGroup;
			children = (
				FD50E5A829D8B1270043B9D8 /* NasaNewsFeedViewController.swift */,
				FD50E5BF29D964400043B9D8 /* ArticleDetailsViewController.swift */,
			);
			path = Controller;
			sourceTree = "<group>";
		};
		FD50E5BC29D959270043B9D8 /* Model */ = {
			isa = PBXGroup;
			children = (
				FD50E5B429D8B7000043B9D8 /* Article.swift */,
				FD50E5B629D8B71A0043B9D8 /* RSSFeed.swift */,
			);
			path = Model;
			sourceTree = "<group>";
		};
		FD50E5BD29D95B370043B9D8 /* View */ = {
			isa = PBXGroup;
			children = (
				FD50E5BE29D95B460043B9D8 /* ArticleTableViewCell */,
			);
			path = View;
			sourceTree = "<group>";
		};
		FD50E5BE29D95B460043B9D8 /* ArticleTableViewCell */ = {
			isa = PBXGroup;
			children = (
				FD50E5AA29D8B3B50043B9D8 /* ArticleTableViewCell.swift */,
				FD50E5AB29D8B3B50043B9D8 /* ArticleTableViewCell.xib */,
			);
			path = ArticleTableViewCell;
			sourceTree = "<group>";
		};
		FD50E5C429D97AA30043B9D8 /* Extensions */ = {
			isa = PBXGroup;
			children = (
				FD50E5C529D97AE00043B9D8 /* UIImage+Extension.swift */,
			);
			path = Extensions;
			sourceTree = "<group>";
		};
/* End PBXGroup section */

/* Begin PBXNativeTarget section */
		FD50E59029D8AD100043B9D8 /* Driivz */ = {
			isa = PBXNativeTarget;
			buildConfigurationList = FD50E5A529D8AD120043B9D8 /* Build configuration list for PBXNativeTarget "Driivz" */;
			buildPhases = (
				FD50E58D29D8AD100043B9D8 /* Sources */,
				FD50E58E29D8AD100043B9D8 /* Frameworks */,
				FD50E58F29D8AD100043B9D8 /* Resources */,
			);
			buildRules = (
			);
			dependencies = (
			);
			name = Driivz;
			packageProductDependencies = (
				FD50E5AF29D8B6610043B9D8 /* Kingfisher */,
				FD50E5B229D8B69A0043B9D8 /* XMLCoder */,
			);
			productName = Driivz;
			productReference = FD50E59129D8AD100043B9D8 /* Driivz.app */;
			productType = "com.apple.product-type.application";
		};
/* End PBXNativeTarget section */

/* Begin PBXProject section */
		FD50E58929D8AD100043B9D8 /* Project object */ = {
			isa = PBXProject;
			attributes = {
				BuildIndependentTargetsInParallel = 1;
				LastSwiftUpdateCheck = 1410;
				LastUpgradeCheck = 1410;
				TargetAttributes = {
					FD50E59029D8AD100043B9D8 = {
						CreatedOnToolsVersion = 14.1;
					};
				};
			};
			buildConfigurationList = FD50E58C29D8AD100043B9D8 /* Build configuration list for PBXProject "Driivz" */;
			compatibilityVersion = "Xcode 14.0";
			developmentRegion = en;
			hasScannedForEncodings = 0;
			knownRegions = (
				en,
				Base,
			);
			mainGroup = FD50E58829D8AD100043B9D8;
			packageReferences = (
				FD50E5AE29D8B6610043B9D8 /* XCRemoteSwiftPackageReference "Kingfisher" */,
				FD50E5B129D8B69A0043B9D8 /* XCRemoteSwiftPackageReference "XMLCoder" */,
			);
			productRefGroup = FD50E59229D8AD100043B9D8 /* Products */;
			projectDirPath = "";
			projectRoot = "";
			targets = (
				FD50E59029D8AD100043B9D8 /* Driivz */,
			);
		};
/* End PBXProject section */

/* Begin PBXResourcesBuildPhase section */
		FD50E58F29D8AD100043B9D8 /* Resources */ = {
			isa = PBXResourcesBuildPhase;
			buildActionMask = 2147483647;
			files = (
				FD50E5AD29D8B3B50043B9D8 /* ArticleTableViewCell.xib in Resources */,
				FD50E5A129D8AD120043B9D8 /* LaunchScreen.storyboard in Resources */,
				FD50E59E29D8AD120043B9D8 /* Assets.xcassets in Resources */,
				FD50E59C29D8AD100043B9D8 /* Main.storyboard in Resources */,
			);
			runOnlyForDeploymentPostprocessing = 0;
		};
/* End PBXResourcesBuildPhase section */

/* Begin PBXSourcesBuildPhase section */
		FD50E58D29D8AD100043B9D8 /* Sources */ = {
			isa = PBXSourcesBuildPhase;
			buildActionMask = 2147483647;
			files = (
				FD50E5B729D8B71A0043B9D8 /* RSSFeed.swift in Sources */,
				FD50E5C229D972350043B9D8 /* ArticleDetailsViewModel.swift in Sources */,
				FD50E5AC29D8B3B50043B9D8 /* ArticleTableViewCell.swift in Sources */,
				FD50E5A929D8B1270043B9D8 /* NasaNewsFeedViewController.swift in Sources */,
				FD50E59529D8AD100043B9D8 /* AppDelegate.swift in Sources */,
				FD50E59729D8AD100043B9D8 /* SceneDelegate.swift in Sources */,
				FD50E5B929D8B7400043B9D8 /* ArticleViewModel.swift in Sources */,
				FD50E5C629D97AE00043B9D8 /* UIImage+Extension.swift in Sources */,
				FD50E5C029D964400043B9D8 /* ArticleDetailsViewController.swift in Sources */,
				FD50E5B529D8B7000043B9D8 /* Article.swift in Sources */,
			);
			runOnlyForDeploymentPostprocessing = 0;
		};
/* End PBXSourcesBuildPhase section */

/* Begin PBXVariantGroup section */
		FD50E59A29D8AD100043B9D8 /* Main.storyboard */ = {
			isa = PBXVariantGroup;
			children = (
				FD50E59B29D8AD100043B9D8 /* Base */,
			);
			name = Main.storyboard;
			sourceTree = "<group>";
		};
		FD50E59F29D8AD120043B9D8 /* LaunchScreen.storyboard */ = {
			isa = PBXVariantGroup;
			children = (
				FD50E5A029D8AD120043B9D8 /* Base */,
			);
			name = LaunchScreen.storyboard;
			sourceTree = "<group>";
		};
/* End PBXVariantGroup section */

/* Begin XCBuildConfiguration section */
		FD50E5A329D8AD120043B9D8 /* Debug */ = {
			isa = XCBuildConfiguration;
			buildSettings = {
				ALWAYS_SEARCH_USER_PATHS = NO;
				CLANG_ANALYZER_NONNULL = YES;
				CLANG_ANALYZER_NUMBER_OBJECT_CONVERSION = YES_AGGRESSIVE;
				CLANG_CXX_LANGUAGE_STANDARD = "gnu++20";
				CLANG_ENABLE_MODULES = YES;
				CLANG_ENABLE_OBJC_ARC = YES;
				CLANG_ENABLE_OBJC_WEAK = YES;
				CLANG_WARN_BLOCK_CAPTURE_AUTORELEASING = YES;
				CLANG_WARN_BOOL_CONVERSION = YES;
				CLANG_WARN_COMMA = YES;
				CLANG_WARN_CONSTANT_CONVERSION = YES;
				CLANG_WARN_DEPRECATED_OBJC_IMPLEMENTATIONS = YES;
				CLANG_WARN_DIRECT_OBJC_ISA_USAGE = YES_ERROR;
				CLANG_WARN_DOCUMENTATION_COMMENTS = YES;
				CLANG_WARN_EMPTY_BODY = YES;
				CLANG_WARN_ENUM_CONVERSION = YES;
				CLANG_WARN_INFINITE_RECURSION = YES;
				CLANG_WARN_INT_CONVERSION = YES;
				CLANG_WARN_NON_LITERAL_NULL_CONVERSION = YES;
				CLANG_WARN_OBJC_IMPLICIT_RETAIN_SELF = YES;
				CLANG_WARN_OBJC_LITERAL_CONVERSION = YES;
				CLANG_WARN_OBJC_ROOT_CLASS = YES_ERROR;
				CLANG_WARN_QUOTED_INCLUDE_IN_FRAMEWORK_HEADER = YES;
				CLANG_WARN_RANGE_LOOP_ANALYSIS = YES;
				CLANG_WARN_STRICT_PROTOTYPES = YES;
				CLANG_WARN_SUSPICIOUS_MOVE = YES;
				CLANG_WARN_UNGUARDED_AVAILABILITY = YES_AGGRESSIVE;
				CLANG_WARN_UNREACHABLE_CODE = YES;
				CLANG_WARN__DUPLICATE_METHOD_MATCH = YES;
				COPY_PHASE_STRIP = NO;
				DEBUG_INFORMATION_FORMAT = dwarf;
				ENABLE_STRICT_OBJC_MSGSEND = YES;
				ENABLE_TESTABILITY = YES;
				GCC_C_LANGUAGE_STANDARD = gnu11;
				GCC_DYNAMIC_NO_PIC = NO;
				GCC_NO_COMMON_BLOCKS = YES;
				GCC_OPTIMIZATION_LEVEL = 0;
				GCC_PREPROCESSOR_DEFINITIONS = (
					"DEBUG=1",
					"$(inherited)",
				);
				GCC_WARN_64_TO_32_BIT_CONVERSION = YES;
				GCC_WARN_ABOUT_RETURN_TYPE = YES_ERROR;
				GCC_WARN_UNDECLARED_SELECTOR = YES;
				GCC_WARN_UNINITIALIZED_AUTOS = YES_AGGRESSIVE;
				GCC_WARN_UNUSED_FUNCTION = YES;
				GCC_WARN_UNUSED_VARIABLE = YES;
				IPHONEOS_DEPLOYMENT_TARGET = 16.1;
				MTL_ENABLE_DEBUG_INFO = INCLUDE_SOURCE;
				MTL_FAST_MATH = YES;
				ONLY_ACTIVE_ARCH = YES;
				SDKROOT = iphoneos;
				SWIFT_ACTIVE_COMPILATION_CONDITIONS = DEBUG;
				SWIFT_OPTIMIZATION_LEVEL = "-Onone";
			};
			name = Debug;
		};
		FD50E5A429D8AD120043B9D8 /* Release */ = {
			isa = XCBuildConfiguration;
			buildSettings = {
				ALWAYS_SEARCH_USER_PATHS = NO;
				CLANG_ANALYZER_NONNULL = YES;
				CLANG_ANALYZER_NUMBER_OBJECT_CONVERSION = YES_AGGRESSIVE;
				CLANG_CXX_LANGUAGE_STANDARD = "gnu++20";
				CLANG_ENABLE_MODULES = YES;
				CLANG_ENABLE_OBJC_ARC = YES;
				CLANG_ENABLE_OBJC_WEAK = YES;
				CLANG_WARN_BLOCK_CAPTURE_AUTORELEASING = YES;
				CLANG_WARN_BOOL_CONVERSION = YES;
				CLANG_WARN_COMMA = YES;
				CLANG_WARN_CONSTANT_CONVERSION = YES;
				CLANG_WARN_DEPRECATED_OBJC_IMPLEMENTATIONS = YES;
				CLANG_WARN_DIRECT_OBJC_ISA_USAGE = YES_ERROR;
				CLANG_WARN_DOCUMENTATION_COMMENTS = YES;
				CLANG_WARN_EMPTY_BODY = YES;
				CLANG_WARN_ENUM_CONVERSION = YES;
				CLANG_WARN_INFINITE_RECURSION = YES;
				CLANG_WARN_INT_CONVERSION = YES;
				CLANG_WARN_NON_LITERAL_NULL_CONVERSION = YES;
				CLANG_WARN_OBJC_IMPLICIT_RETAIN_SELF = YES;
				CLANG_WARN_OBJC_LITERAL_CONVERSION = YES;
				CLANG_WARN_OBJC_ROOT_CLASS = YES_ERROR;
				CLANG_WARN_QUOTED_INCLUDE_IN_FRAMEWORK_HEADER = YES;
				CLANG_WARN_RANGE_LOOP_ANALYSIS = YES;
				CLANG_WARN_STRICT_PROTOTYPES = YES;
				CLANG_WARN_SUSPICIOUS_MOVE = YES;
				CLANG_WARN_UNGUARDED_AVAILABILITY = YES_AGGRESSIVE;
				CLANG_WARN_UNREACHABLE_CODE = YES;
				CLANG_WARN__DUPLICATE_METHOD_MATCH = YES;
				COPY_PHASE_STRIP = NO;
				DEBUG_INFORMATION_FORMAT = "dwarf-with-dsym";
				ENABLE_NS_ASSERTIONS = NO;
				ENABLE_STRICT_OBJC_MSGSEND = YES;
				GCC_C_LANGUAGE_STANDARD = gnu11;
				GCC_NO_COMMON_BLOCKS = YES;
				GCC_WARN_64_TO_32_BIT_CONVERSION = YES;
				GCC_WARN_ABOUT_RETURN_TYPE = YES_ERROR;
				GCC_WARN_UNDECLARED_SELECTOR = YES;
				GCC_WARN_UNINITIALIZED_AUTOS = YES_AGGRESSIVE;
				GCC_WARN_UNUSED_FUNCTION = YES;
				GCC_WARN_UNUSED_VARIABLE = YES;
				IPHONEOS_DEPLOYMENT_TARGET = 16.1;
				MTL_ENABLE_DEBUG_INFO = NO;
				MTL_FAST_MATH = YES;
				SDKROOT = iphoneos;
				SWIFT_COMPILATION_MODE = wholemodule;
				SWIFT_OPTIMIZATION_LEVEL = "-O";
				VALIDATE_PRODUCT = YES;
			};
			name = Release;
		};
		FD50E5A629D8AD120043B9D8 /* Debug */ = {
			isa = XCBuildConfiguration;
			buildSettings = {
				ASSETCATALOG_COMPILER_APPICON_NAME = AppIcon;
				ASSETCATALOG_COMPILER_GLOBAL_ACCENT_COLOR_NAME = AccentColor;
				CODE_SIGN_STYLE = Automatic;
				CURRENT_PROJECT_VERSION = 1;
				DEVELOPMENT_TEAM = 26L6SV6475;
				GENERATE_INFOPLIST_FILE = YES;
				INFOPLIST_FILE = Driivz/Info.plist;
				INFOPLIST_KEY_UIApplicationSupportsIndirectInputEvents = YES;
				INFOPLIST_KEY_UILaunchStoryboardName = LaunchScreen;
				INFOPLIST_KEY_UIMainStoryboardFile = Main;
				INFOPLIST_KEY_UISupportedInterfaceOrientations_iPad = "UIInterfaceOrientationPortrait UIInterfaceOrientationPortraitUpsideDown UIInterfaceOrientationLandscapeLeft UIInterfaceOrientationLandscapeRight";
				INFOPLIST_KEY_UISupportedInterfaceOrientations_iPhone = "UIInterfaceOrientationPortrait UIInterfaceOrientationLandscapeLeft UIInterfaceOrientationLandscapeRight";
				LD_RUNPATH_SEARCH_PATHS = (
					"$(inherited)",
					"@executable_path/Frameworks",
				);
				MARKETING_VERSION = 1.0;
				PRODUCT_BUNDLE_IDENTIFIER = com.pingidentity.Driivz;
				PRODUCT_NAME = "$(TARGET_NAME)";
				SWIFT_EMIT_LOC_STRINGS = YES;
				SWIFT_VERSION = 5.0;
				TARGETED_DEVICE_FAMILY = "1,2";
			};
			name = Debug;
		};
		FD50E5A729D8AD120043B9D8 /* Release */ = {
			isa = XCBuildConfiguration;
			buildSettings = {
				ASSETCATALOG_COMPILER_APPICON_NAME = AppIcon;
				ASSETCATALOG_COMPILER_GLOBAL_ACCENT_COLOR_NAME = AccentColor;
				CODE_SIGN_STYLE = Automatic;
				CURRENT_PROJECT_VERSION = 1;
				DEVELOPMENT_TEAM = 26L6SV6475;
				GENERATE_INFOPLIST_FILE = YES;
				INFOPLIST_FILE = Driivz/Info.plist;
				INFOPLIST_KEY_UIApplicationSupportsIndirectInputEvents = YES;
				INFOPLIST_KEY_UILaunchStoryboardName = LaunchScreen;
				INFOPLIST_KEY_UIMainStoryboardFile = Main;
				INFOPLIST_KEY_UISupportedInterfaceOrientations_iPad = "UIInterfaceOrientationPortrait UIInterfaceOrientationPortraitUpsideDown UIInterfaceOrientationLandscapeLeft UIInterfaceOrientationLandscapeRight";
				INFOPLIST_KEY_UISupportedInterfaceOrientations_iPhone = "UIInterfaceOrientationPortrait UIInterfaceOrientationLandscapeLeft UIInterfaceOrientationLandscapeRight";
				LD_RUNPATH_SEARCH_PATHS = (
					"$(inherited)",
					"@executable_path/Frameworks",
				);
				MARKETING_VERSION = 1.0;
				PRODUCT_BUNDLE_IDENTIFIER = com.pingidentity.Driivz;
				PRODUCT_NAME = "$(TARGET_NAME)";
				SWIFT_EMIT_LOC_STRINGS = YES;
				SWIFT_VERSION = 5.0;
				TARGETED_DEVICE_FAMILY = "1,2";
			};
			name = Release;
		};
/* End XCBuildConfiguration section */

/* Begin XCConfigurationList section */
		FD50E58C29D8AD100043B9D8 /* Build configuration list for PBXProject "Driivz" */ = {
			isa = XCConfigurationList;
			buildConfigurations = (
				FD50E5A329D8AD120043B9D8 /* Debug */,
				FD50E5A429D8AD120043B9D8 /* Release */,
			);
			defaultConfigurationIsVisible = 0;
			defaultConfigurationName = Release;
		};
		FD50E5A529D8AD120043B9D8 /* Build configuration list for PBXNativeTarget "Driivz" */ = {
			isa = XCConfigurationList;
			buildConfigurations = (
				FD50E5A629D8AD120043B9D8 /* Debug */,
				FD50E5A729D8AD120043B9D8 /* Release */,
			);
			defaultConfigurationIsVisible = 0;
			defaultConfigurationName = Release;
		};
/* End XCConfigurationList section */

/* Begin XCRemoteSwiftPackageReference section */
		FD50E5AE29D8B6610043B9D8 /* XCRemoteSwiftPackageReference "Kingfisher" */ = {
			isa = XCRemoteSwiftPackageReference;
			repositoryURL = "https://github.com/onevcat/Kingfisher.git";
			requirement = {
				kind = upToNextMajorVersion;
				minimumVersion = 7.0.0;
			};
		};
		FD50E5B129D8B69A0043B9D8 /* XCRemoteSwiftPackageReference "XMLCoder" */ = {
			isa = XCRemoteSwiftPackageReference;
			repositoryURL = "https://github.com/CoreOffice/XMLCoder.git";
			requirement = {
				kind = upToNextMajorVersion;
				minimumVersion = 0.9.0;
			};
		};
/* End XCRemoteSwiftPackageReference section */

/* Begin XCSwiftPackageProductDependency section */
		FD50E5AF29D8B6610043B9D8 /* Kingfisher */ = {
			isa = XCSwiftPackageProductDependency;
			package = FD50E5AE29D8B6610043B9D8 /* XCRemoteSwiftPackageReference "Kingfisher" */;
			productName = Kingfisher;
		};
		FD50E5B229D8B69A0043B9D8 /* XMLCoder */ = {
			isa = XCSwiftPackageProductDependency;
			package = FD50E5B129D8B69A0043B9D8 /* XCRemoteSwiftPackageReference "XMLCoder" */;
			productName = XMLCoder;
		};
/* End XCSwiftPackageProductDependency section */
	};
	rootObject = FD50E58929D8AD100043B9D8 /* Project object */;
}
